// !$*UTF8*$!
{
	archiveVersion = 1;
	classes = {
	};
	objectVersion = 46;
	objects = {

/* Begin PBXBuildFile section */
		081E40941BBD00A200BE818B /* main.m in Sources */ = {isa = PBXBuildFile; fileRef = 081E40931BBD00A200BE818B /* main.m */; };
		081E40971BBD00A200BE818B /* AppDelegate.m in Sources */ = {isa = PBXBuildFile; fileRef = 081E40961BBD00A200BE818B /* AppDelegate.m */; };
		081E40991BBD00A200BE818B /* Assets.xcassets in Resources */ = {isa = PBXBuildFile; fileRef = 081E40981BBD00A200BE818B /* Assets.xcassets */; };
		081E409C1BBD00A200BE818B /* LaunchScreen.storyboard in Resources */ = {isa = PBXBuildFile; fileRef = 081E409A1BBD00A200BE818B /* LaunchScreen.storyboard */; };
		081E40A41BBD055100BE818B /* MainStoryboard.storyboard in Resources */ = {isa = PBXBuildFile; fileRef = 081E40A31BBD055100BE818B /* MainStoryboard.storyboard */; settings = {ASSET_TAGS = (); }; };
		081E40A81BBD093200BE818B /* camera.png in Resources */ = {isa = PBXBuildFile; fileRef = 081E40A51BBD093200BE818B /* camera.png */; settings = {ASSET_TAGS = (); }; };
		081E40A91BBD093200BE818B /* friends.png in Resources */ = {isa = PBXBuildFile; fileRef = 081E40A61BBD093200BE818B /* friends.png */; settings = {ASSET_TAGS = (); }; };
		081E40AA1BBD093200BE818B /* inbox.png in Resources */ = {isa = PBXBuildFile; fileRef = 081E40A71BBD093200BE818B /* inbox.png */; settings = {ASSET_TAGS = (); }; };
/* End PBXBuildFile section */

/* Begin PBXFileReference section */
		081E408F1BBD00A200BE818B /* SnapChatClone.app */ = {isa = PBXFileReference; explicitFileType = wrapper.application; includeInIndex = 0; path = SnapChatClone.app; sourceTree = BUILT_PRODUCTS_DIR; };
		081E40931BBD00A200BE818B /* main.m */ = {isa = PBXFileReference; lastKnownFileType = sourcecode.c.objc; path = main.m; sourceTree = "<group>"; };
		081E40951BBD00A200BE818B /* AppDelegate.h */ = {isa = PBXFileReference; lastKnownFileType = sourcecode.c.h; path = AppDelegate.h; sourceTree = "<group>"; };
		081E40961BBD00A200BE818B /* AppDelegate.m */ = {isa = PBXFileReference; lastKnownFileType = sourcecode.c.objc; path = AppDelegate.m; sourceTree = "<group>"; };
		081E40981BBD00A200BE818B /* Assets.xcassets */ = {isa = PBXFileReference; lastKnownFileType = folder.assetcatalog; path = Assets.xcassets; sourceTree = "<group>"; };
		081E409B1BBD00A200BE818B /* Base */ = {isa = PBXFileReference; lastKnownFileType = file.storyboard; name = Base; path = Base.lproj/LaunchScreen.storyboard; sourceTree = "<group>"; };
		081E409D1BBD00A200BE818B /* Info.plist */ = {isa = PBXFileReference; lastKnownFileType = text.plist.xml; path = Info.plist; sourceTree = "<group>"; };
		081E40A31BBD055100BE818B /* MainStoryboard.storyboard */ = {isa = PBXFileReference; fileEncoding = 4; lastKnownFileType = file.storyboard; name = MainStoryboard.storyboard; path = ../MainStoryboard.storyboard; sourceTree = "<group>"; };
		081E40A51BBD093200BE818B /* camera.png */ = {isa = PBXFileReference; lastKnownFileType = image.png; path = camera.png; sourceTree = "<group>"; };
		081E40A61BBD093200BE818B /* friends.png */ = {isa = PBXFileReference; lastKnownFileType = image.png; path = friends.png; sourceTree = "<group>"; };
		081E40A71BBD093200BE818B /* inbox.png */ = {isa = PBXFileReference; lastKnownFileType = image.png; path = inbox.png; sourceTree = "<group>"; };
/* End PBXFileReference section */

/* Begin PBXFrameworksBuildPhase section */
		081E408C1BBD00A200BE818B /* Frameworks */ = {
			isa = PBXFrameworksBuildPhase;
			buildActionMask = 2147483647;
			files = (
			);
			runOnlyForDeploymentPostprocessing = 0;
		};
/* End PBXFrameworksBuildPhase section */

/* Begin PBXGroup section */
		081E40861BBD00A200BE818B = {
			isa = PBXGroup;
			children = (
				081E40AB1BBD093700BE818B /* icons */,
				081E40911BBD00A200BE818B /* SnapChatClone */,
				081E40901BBD00A200BE818B /* Products */,
			);
			sourceTree = "<group>";
		};
		081E40901BBD00A200BE818B /* Products */ = {
			isa = PBXGroup;
			children = (
				081E408F1BBD00A200BE818B /* SnapChatClone.app */,
			);
			name = Products;
			sourceTree = "<group>";
		};
		081E40911BBD00A200BE818B /* SnapChatClone */ = {
			isa = PBXGroup;
			children = (
				081E40951BBD00A200BE818B /* AppDelegate.h */,
				081E40961BBD00A200BE818B /* AppDelegate.m */,
				081E40981BBD00A200BE818B /* Assets.xcassets */,
				081E40A31BBD055100BE818B /* MainStoryboard.storyboard */,
				081E409A1BBD00A200BE818B /* LaunchScreen.storyboard */,
				081E409D1BBD00A200BE818B /* Info.plist */,
				081E40921BBD00A200BE818B /* Supporting Files */,
			);
			path = SnapChatClone;
			sourceTree = "<group>";
		};
		081E40921BBD00A200BE818B /* Supporting Files */ = {
			isa = PBXGroup;
			children = (
				081E40931BBD00A200BE818B /* main.m */,
			);
			name = "Supporting Files";
			sourceTree = "<group>";
		};
		081E40AB1BBD093700BE818B /* icons */ = {
			isa = PBXGroup;
			children = (
				081E40A51BBD093200BE818B /* camera.png */,
				081E40A61BBD093200BE818B /* friends.png */,
				081E40A71BBD093200BE818B /* inbox.png */,
			);
			name = icons;
			sourceTree = "<group>";
		};
/* End PBXGroup section */

/* Begin PBXNativeTarget section */
		081E408E1BBD00A200BE818B /* SnapChatClone */ = {
			isa = PBXNativeTarget;
			buildConfigurationList = 081E40A01BBD00A200BE818B /* Build configuration list for PBXNativeTarget "SnapChatClone" */;
			buildPhases = (
				081E408B1BBD00A200BE818B /* Sources */,
				081E408C1BBD00A200BE818B /* Frameworks */,
				081E408D1BBD00A200BE818B /* Resources */,
			);
			buildRules = (
			);
			dependencies = (
			);
			name = SnapChatClone;
			productName = SnapChatClone;
			productReference = 081E408F1BBD00A200BE818B /* SnapChatClone.app */;
			productType = "com.apple.product-type.application";
		};
/* End PBXNativeTarget section */

/* Begin PBXProject section */
		081E40871BBD00A200BE818B /* Project object */ = {
			isa = PBXProject;
			attributes = {
				LastUpgradeCheck = 0700;
				ORGANIZATIONNAME = "Susan Chin";
				TargetAttributes = {
					081E408E1BBD00A200BE818B = {
						CreatedOnToolsVersion = 7.0;
						DevelopmentTeam = 2UG2DL4HNH;
					};
				};
			};
			buildConfigurationList = 081E408A1BBD00A200BE818B /* Build configuration list for PBXProject "SnapChatClone" */;
			compatibilityVersion = "Xcode 3.2";
			developmentRegion = English;
			hasScannedForEncodings = 0;
			knownRegions = (
				en,
				Base,
			);
			mainGroup = 081E40861BBD00A200BE818B;
			productRefGroup = 081E40901BBD00A200BE818B /* Products */;
			projectDirPath = "";
			projectRoot = "";
			targets = (
				081E408E1BBD00A200BE818B /* SnapChatClone */,
			);
		};
/* End PBXProject section */

/* Begin PBXResourcesBuildPhase section */
		081E408D1BBD00A200BE818B /* Resources */ = {
			isa = PBXResourcesBuildPhase;
			buildActionMask = 2147483647;
			files = (
				081E40A41BBD055100BE818B /* MainStoryboard.storyboard in Resources */,
				081E40991BBD00A200BE818B /* Assets.xcassets in Resources */,
				081E40AA1BBD093200BE818B /* inbox.png in Resources */,
				081E40A91BBD093200BE818B /* friends.png in Resources */,
				081E40A81BBD093200BE818B /* camera.png in Resources */,
				081E409C1BBD00A200BE818B /* LaunchScreen.storyboard in Resources */,
			);
			runOnlyForDeploymentPostprocessing = 0;
		};
/* End PBXResourcesBuildPhase section */

/* Begin PBXSourcesBuildPhase section */
		081E408B1BBD00A200BE818B /* Sources */ = {
			isa = PBXSourcesBuildPhase;
			buildActionMask = 2147483647;
			files = (
				081E40971BBD00A200BE818B /* AppDelegate.m in Sources */,
				081E40941BBD00A200BE818B /* main.m in Sources */,
			);
			runOnlyForDeploymentPostprocessing = 0;
		};
/* End PBXSourcesBuildPhase section */

/* Begin PBXVariantGroup section */
		081E409A1BBD00A200BE818B /* LaunchScreen.storyboard */ = {
			isa = PBXVariantGroup;
			children = (
				081E409B1BBD00A200BE818B /* Base */,
			);
			name = LaunchScreen.storyboard;
			sourceTree = "<group>";
		};
/* End PBXVariantGroup section */

/* Begin XCBuildConfiguration section */
		081E409E1BBD00A200BE818B /* Debug */ = {
			isa = XCBuildConfiguration;
			buildSettings = {
				ALWAYS_SEARCH_USER_PATHS = NO;
				CLANG_CXX_LANGUAGE_STANDARD = "gnu++0x";
				CLANG_CXX_LIBRARY = "libc++";
				CLANG_ENABLE_MODULES = YES;
				CLANG_ENABLE_OBJC_ARC = YES;
				CLANG_WARN_BOOL_CONVERSION = YES;
				CLANG_WARN_CONSTANT_CONVERSION = YES;
				CLANG_WARN_DIRECT_OBJC_ISA_USAGE = YES_ERROR;
				CLANG_WARN_EMPTY_BODY = YES;
				CLANG_WARN_ENUM_CONVERSION = YES;
				CLANG_WARN_INT_CONVERSION = YES;
				CLANG_WARN_OBJC_ROOT_CLASS = YES_ERROR;
				CLANG_WARN_UNREACHABLE_CODE = YES;
				CLANG_WARN__DUPLICATE_METHOD_MATCH = YES;
				"CODE_SIGN_IDENTITY[sdk=iphoneos*]" = "iPhone Developer";
				COPY_PHASE_STRIP = NO;
				DEBUG_INFORMATION_FORMAT = dwarf;
				ENABLE_STRICT_OBJC_MSGSEND = YES;
				ENABLE_TESTABILITY = YES;
				GCC_C_LANGUAGE_STANDARD = gnu99;
				GCC_DYNAMIC_NO_PIC = NO;
				GCC_NO_COMMON_BLOCKS = YES;
				GCC_OPTIMIZATION_LEVEL = 0;
				GCC_PREPROCESSOR_DEFINITIONS = (
					"DEBUG=1",
					"$(inherited)",
				);
				GCC_WARN_64_TO_32_BIT_CONVERSION = YES;
				GCC_WARN_ABOUT_RETURN_TYPE = YES_ERROR;
				GCC_WARN_UNDECLARED_SELECTOR = YES;
				GCC_WARN_UNINITIALIZED_AUTOS = YES_AGGRESSIVE;
				GCC_WARN_UNUSED_FUNCTION = YES;
				GCC_WARN_UNUSED_VARIABLE = YES;
				IPHONEOS_DEPLOYMENT_TARGET = 9.0;
				MTL_ENABLE_DEBUG_INFO = YES;
				ONLY_ACTIVE_ARCH = YES;
				SDKROOT = iphoneos;
			};
			name = Debug;
		};
		081E409F1BBD00A200BE818B /* Release */ = {
			isa = XCBuildConfiguration;
			buildSettings = {
				ALWAYS_SEARCH_USER_PATHS = NO;
				CLANG_CXX_LANGUAGE_STANDARD = "gnu++0x";
				CLANG_CXX_LIBRARY = "libc++";
				CLANG_ENABLE_MODULES = YES;
				CLANG_ENABLE_OBJC_ARC = YES;
				CLANG_WARN_BOOL_CONVERSION = YES;
				CLANG_WARN_CONSTANT_CONVERSION = YES;
				CLANG_WARN_DIRECT_OBJC_ISA_USAGE = YES_ERROR;
				CLANG_WARN_EMPTY_BODY = YES;
				CLANG_WARN_ENUM_CONVERSION = YES;
				CLANG_WARN_INT_CONVERSION = YES;
				CLANG_WARN_OBJC_ROOT_CLASS = YES_ERROR;
				CLANG_WARN_UNREACHABLE_CODE = YES;
				CLANG_WARN__DUPLICATE_METHOD_MATCH = YES;
				"CODE_SIGN_IDENTITY[sdk=iphoneos*]" = "iPhone Developer";
				COPY_PHASE_STRIP = NO;
				DEBUG_INFORMATION_FORMAT = "dwarf-with-dsym";
				ENABLE_NS_ASSERTIONS = NO;
				ENABLE_STRICT_OBJC_MSGSEND = YES;
				GCC_C_LANGUAGE_STANDARD = gnu99;
				GCC_NO_COMMON_BLOCKS = YES;
				GCC_WARN_64_TO_32_BIT_CONVERSION = YES;
				GCC_WARN_ABOUT_RETURN_TYPE = YES_ERROR;
				GCC_WARN_UNDECLARED_SELECTOR = YES;
				GCC_WARN_UNINITIALIZED_AUTOS = YES_AGGRESSIVE;
				GCC_WARN_UNUSED_FUNCTION = YES;
				GCC_WARN_UNUSED_VARIABLE = YES;
				IPHONEOS_DEPLOYMENT_TARGET = 9.0;
				MTL_ENABLE_DEBUG_INFO = NO;
				SDKROOT = iphoneos;
				VALIDATE_PRODUCT = YES;
			};
			name = Release;
		};
		081E40A11BBD00A200BE818B /* Debug */ = {
			isa = XCBuildConfiguration;
			buildSettings = {
				ASSETCATALOG_COMPILER_APPICON_NAME = AppIcon;
				CODE_SIGN_IDENTITY = "iPhone Developer";
				"CODE_SIGN_IDENTITY[sdk=iphoneos*]" = "iPhone Developer";
				INFOPLIST_FILE = SnapChatClone/Info.plist;
				LD_RUNPATH_SEARCH_PATHS = "$(inherited) @executable_path/Frameworks";
				PRODUCT_BUNDLE_IDENTIFIER = SusanCodes.SnapChatClone;
				PRODUCT_NAME = "$(TARGET_NAME)";
				PROVISIONING_PROFILE = "";
			};
			name = Debug;
		};
		081E40A21BBD00A200BE818B /* Release */ = {
			isa = XCBuildConfiguration;
			buildSettings = {
				ASSETCATALOG_COMPILER_APPICON_NAME = AppIcon;
				CODE_SIGN_IDENTITY = "iPhone Developer";
				"CODE_SIGN_IDENTITY[sdk=iphoneos*]" = "iPhone Developer";
				INFOPLIST_FILE = SnapChatClone/Info.plist;
				LD_RUNPATH_SEARCH_PATHS = "$(inherited) @executable_path/Frameworks";
				PRODUCT_BUNDLE_IDENTIFIER = SusanCodes.SnapChatClone;
				PRODUCT_NAME = "$(TARGET_NAME)";
				PROVISIONING_PROFILE = "";
			};
			name = Release;
		};
/* End XCBuildConfiguration section */

/* Begin XCConfigurationList section */
		081E408A1BBD00A200BE818B /* Build configuration list for PBXProject "SnapChatClone" */ = {
			isa = XCConfigurationList;
			buildConfigurations = (
				081E409E1BBD00A200BE818B /* Debug */,
				081E409F1BBD00A200BE818B /* Release */,
			);
			defaultConfigurationIsVisible = 0;
			defaultConfigurationName = Release;
		};
		081E40A01BBD00A200BE818B /* Build configuration list for PBXNativeTarget "SnapChatClone" */ = {
			isa = XCConfigurationList;
			buildConfigurations = (
				081E40A11BBD00A200BE818B /* Debug */,
				081E40A21BBD00A200BE818B /* Release */,
			);
			defaultConfigurationIsVisible = 0;
		};
/* End XCConfigurationList section */
	};
	rootObject = 081E40871BBD00A200BE818B /* Project object */;
}
